
Microsoft Visual Studio Solution File, Format Version 12.00
# Visual Studio Version 16
VisualStudioVersion = 16.0.31829.152
MinimumVisualStudioVersion = 10.0.40219.1
Project("{8BC9CEB8-8B4A-11D0-8D11-00A0C91BC942}") = "Final_Exam", "Final_Exam.vcxproj", "{C7E60B1B-5E69-47FA-9F64-521CA8596E18}"
EndProject
Global
	GlobalSection(SolutionConfigurationPlatforms) = preSolution
		Debug|x64 = Debug|x64
		Debug|x86 = Debug|x86
		Release|x64 = Release|x64
		Release|x86 = Release|x86
	EndGlobalSection
	GlobalSection(ProjectConfigurationPlatforms) = postSolution
		{C7E60B1B-5E69-47FA-9F64-521CA8596E18}.Debug|x64.ActiveCfg = Debug|x64
		{C7E60B1B-5E69-47FA-9F64-521CA8596E18}.Debug|x64.Build.0 = Debug|x64
		{C7E60B1B-5E69-47FA-9F64-521CA8596E18}.Debug|x86.ActiveCfg = Debug|Win32
		{C7E60B1B-5E69-47FA-9F64-521CA8596E18}.Debug|x86.Build.0 = Debug|Win32
		{C7E60B1B-5E69-47FA-9F64-521CA8596E18}.Release|x64.ActiveCfg = Release|x64
		{C7E60B1B-5E69-47FA-9F64-521CA8596E18}.Release|x64.Build.0 = Release|x64
		{C7E60B1B-5E69-47FA-9F64-521CA8596E18}.Release|x86.ActiveCfg = Release|Win32
		{C7E60B1B-5E69-47FA-9F64-521CA8596E18}.Release|x86.Build.0 = Release|Win32
	EndGlobalSection
	GlobalSection(SolutionProperties) = preSolution
		HideSolutionNode = FALSE
	EndGlobalSection
	GlobalSection(ExtensibilityGlobals) = postSolution
		SolutionGuid = {6956C16E-1496-47A0-8C19-A89B5A2E27A2}
	EndGlobalSection
EndGlobal
